PODS:
  - Highway (0.17.0)
  - Highway/HighwayTests (0.17.0)

DEPENDENCIES:
  - Highway (from `../../`)
  - Highway/HighwayTests (from `../../`)

EXTERNAL SOURCES:
  Highway:
    :path: "../../"

SPEC CHECKSUMS:
  Highway: a50af30994a79e20f4e9ec719413b6013927758b

PODFILE CHECKSUM: 3f110b669320760a25c0647cf5614999855ea2e7

COCOAPODS: 1.11.3
