PODS:
  - Highway (0.15.0)
  - Highway/HighwayTests (0.15.0)
  - Kingfisher (7.3.0)

DEPENDENCIES:
  - Highway (from `../../`)
  - Highway/HighwayTests (from `../../`)
  - Kingfisher (~> 7.0)

SPEC REPOS:
  trunk:
    - Kingfisher

EXTERNAL SOURCES:
  Highway:
    :path: "../../"

SPEC CHECKSUMS:
  Highway: 391f8f58895d5a47599a0119f60f349e432c0287
  Kingfisher: cdb1189a9223b1bc028816bd47c8b8101a58831c

PODFILE CHECKSUM: 8e111f02111e8e86238ba258916ab4b7428c0d25

COCOAPODS: 1.11.3
