PODS:
  - Highway (0.14.0)
  - Highway/HighwayTests (0.14.0)
  - Kingfisher (7.3.0)

DEPENDENCIES:
  - Highway (from `../../`)
  - Highway/HighwayTests (from `../../`)
  - Kingfisher (~> 7.0)

SPEC REPOS:
  trunk:
    - Kingfisher

EXTERNAL SOURCES:
  Highway:
    :path: "../../"

SPEC CHECKSUMS:
  Highway: b1d79580e9c6cb50c037e6b1ae207bb4ddbb164c
  Kingfisher: cdb1189a9223b1bc028816bd47c8b8101a58831c

PODFILE CHECKSUM: 8e111f02111e8e86238ba258916ab4b7428c0d25

COCOAPODS: 1.11.3
