PODS:
  - Highway (6.1.0)
  - SwiftFormat/CLI (0.49.10)
  - SwiftLint (0.47.1)

DEPENDENCIES:
  - Highway (from `../../`)
  - SwiftFormat/CLI
  - SwiftLint

SPEC REPOS:
  trunk:
    - SwiftFormat
    - SwiftLint

EXTERNAL SOURCES:
  Highway:
    :path: "../../"

SPEC CHECKSUMS:
  Highway: 40c5118d1bb1a9500e1d46751418e45de983cd12
  SwiftFormat: 7e7b810d61b0518ea30d3753051ebde546ae4c0b
  SwiftLint: f80f1be7fa96d30e0aa68e58d45d4ea1ccaac519

PODFILE CHECKSUM: 4b2fd789a291fff7d9398fd46f62fd3944a581a9

COCOAPODS: 1.11.3
