PODS:
  - Highway (0.16.0)
  - Highway/HighwayTests (0.16.0)
  - SwiftFormat/CLI (0.49.14)
  - SwiftLint (0.48.0)

DEPENDENCIES:
  - Highway (from `../../`)
  - Highway/HighwayTests (from `../../`)
  - SwiftFormat/CLI
  - SwiftLint

SPEC REPOS:
  trunk:
    - SwiftFormat
    - SwiftLint

EXTERNAL SOURCES:
  Highway:
    :path: "../../"

SPEC CHECKSUMS:
  Highway: 140ad6805e4c1208096c77c56f0931a133217141
  SwiftFormat: 09cc5eb67ae49356c4ad9a2be6a0d5a4212b61bb
  SwiftLint: 284cea64b6187c5d6bd83e9a548a64104d546447

PODFILE CHECKSUM: d23771fdb60fa9a8daba2f13c2b8fa64c869130e

COCOAPODS: 1.11.3
