PODS:
  - Highway (0.18.0)
  - Highway/HighwayTests (0.18.0)
  - SwiftFormat/CLI (0.50.6)
  - SwiftLint (0.50.3)

DEPENDENCIES:
  - Highway (from `../../`)
  - Highway/HighwayTests (from `../../`)
  - SwiftFormat/CLI
  - SwiftLint

SPEC REPOS:
  trunk:
    - SwiftFormat
    - SwiftLint

EXTERNAL SOURCES:
  Highway:
    :path: "../../"

SPEC CHECKSUMS:
  Highway: 9a1733631e879cf2b614cc2180a9bd73b728d114
  SwiftFormat: d89e201c4e121554de347f764e4ed780526b5173
  SwiftLint: 77f7cb2b9bb81ab4a12fcc86448ba3f11afa50c6

PODFILE CHECKSUM: d23771fdb60fa9a8daba2f13c2b8fa64c869130e

COCOAPODS: 1.11.3
