PODS:
  - Highway (1.1.1)
  - Highway/HighwayTests (1.1.1)

DEPENDENCIES:
  - Highway (from `../../`)
  - Highway/HighwayTests (from `../../`)

EXTERNAL SOURCES:
  Highway:
    :path: "../../"

SPEC CHECKSUMS:
  Highway: 5f43f1ce494171728c61970721e7e7dd2091bd96

PODFILE CHECKSUM: 1256a366c83df064b76362f29a1c1d61d5b597b3

COCOAPODS: 1.14.2
