PODS:
  - Highway (0.17.0)
  - Highway/HighwayTests (0.17.0)

DEPENDENCIES:
  - Highway (from `../../`)
  - Highway/HighwayTests (from `../../`)

EXTERNAL SOURCES:
  Highway:
    :path: "../../"

SPEC CHECKSUMS:
  Highway: a50af30994a79e20f4e9ec719413b6013927758b

PODFILE CHECKSUM: 1256a366c83df064b76362f29a1c1d61d5b597b3

COCOAPODS: 1.11.3
