PODS:
  - Highway (1.1.1)
  - Highway/HighwayTests (1.1.1)

DEPENDENCIES:
  - Highway (from `../../`)
  - Highway/HighwayTests (from `../../`)

EXTERNAL SOURCES:
  Highway:
    :path: "../../"

SPEC CHECKSUMS:
  Highway: 5f43f1ce494171728c61970721e7e7dd2091bd96

PODFILE CHECKSUM: 015f4ee15206a06b3b230867a459c32545fb429c

COCOAPODS: 1.14.2
