PODS:
  - Highway (0.12.0)
  - Highway/HighwayTests (0.12.0)

DEPENDENCIES:
  - Highway (from `../../`)
  - Highway/HighwayTests (from `../../`)

EXTERNAL SOURCES:
  Highway:
    :path: "../../"

SPEC CHECKSUMS:
  Highway: 1980de6c50b0af574e196516d800f32604000e02

PODFILE CHECKSUM: 015f4ee15206a06b3b230867a459c32545fb429c

COCOAPODS: 1.11.3
