PODS:
  - Highway (0.16.0)
  - Highway/HighwayTests (0.16.0)

DEPENDENCIES:
  - Highway (from `../../`)
  - Highway/HighwayTests (from `../../`)

EXTERNAL SOURCES:
  Highway:
    :path: "../../"

SPEC CHECKSUMS:
  Highway: 140ad6805e4c1208096c77c56f0931a133217141

PODFILE CHECKSUM: bc6ae5aae8a6d0037dbfa2c021009aa67185baba

COCOAPODS: 1.11.3
