PODS:
  - Highway (0.17.0)
  - Highway/HighwayTests (0.17.0)

DEPENDENCIES:
  - Highway (from `../../`)
  - Highway/HighwayTests (from `../../`)

EXTERNAL SOURCES:
  Highway:
    :path: "../../"

SPEC CHECKSUMS:
  Highway: a50af30994a79e20f4e9ec719413b6013927758b

PODFILE CHECKSUM: bc6ae5aae8a6d0037dbfa2c021009aa67185baba

COCOAPODS: 1.11.3
