PODS:
  - Highway (0.16.0)
  - Highway/HighwayTests (0.16.0)
  - Kingfisher (7.3.2)

DEPENDENCIES:
  - Highway (from `../../`)
  - Highway/HighwayTests (from `../../`)
  - Kingfisher (~> 7.0)

SPEC REPOS:
  trunk:
    - Kingfisher

EXTERNAL SOURCES:
  Highway:
    :path: "../../"

SPEC CHECKSUMS:
  Highway: 140ad6805e4c1208096c77c56f0931a133217141
  Kingfisher: 0086ad83719761ba9b2cdaf6ef4d5b4878cbae23

PODFILE CHECKSUM: afd653a71803a8a30ff4701f402312d82a38bb0d

COCOAPODS: 1.11.3
