PODS:
  - Highway (0.16.0)
  - Highway/HighwayTests (0.16.0)
  - Kingfisher (7.3.0)

DEPENDENCIES:
  - Highway (from `../../`)
  - Highway/HighwayTests (from `../../`)
  - Kingfisher (~> 7.0)

SPEC REPOS:
  trunk:
    - Kingfisher

EXTERNAL SOURCES:
  Highway:
    :path: "../../"

SPEC CHECKSUMS:
  Highway: 140ad6805e4c1208096c77c56f0931a133217141
  Kingfisher: cdb1189a9223b1bc028816bd47c8b8101a58831c

PODFILE CHECKSUM: afd653a71803a8a30ff4701f402312d82a38bb0d

COCOAPODS: 1.11.3
