PODS:
  - Difference (1.0.0)
  - Highway (0.17.0)
  - KIF (3.8.7):
    - KIF/Core (= 3.8.7)
  - KIF/Core (3.8.7)
  - SnapshotTesting (1.9.0)
  - Sourcery/CLI-Only (1.8.2)
  - SwiftMessages (9.0.6):
    - SwiftMessages/App (= 9.0.6)
  - SwiftMessages/App (9.0.6)
  - Swinject (2.8.2)

DEPENDENCIES:
  - Difference
  - Highway (from `../../`)
  - KIF
  - SnapshotTesting
  - Sourcery/CLI-Only
  - SwiftMessages
  - Swinject

SPEC REPOS:
  trunk:
    - Difference
    - KIF
    - SnapshotTesting
    - Sourcery
    - SwiftMessages
    - Swinject

EXTERNAL SOURCES:
  Highway:
    :path: "../../"

SPEC CHECKSUMS:
  Difference: 2f1f5040078df5cd5077cff308834510261ad7ad
  Highway: a50af30994a79e20f4e9ec719413b6013927758b
  KIF: 779cdbca106633b94ecee7b036537490ebdbd9de
  SnapshotTesting: 6141c48b6aa76ead61431ca665c14ab9a066c53b
  Sourcery: ad4aba88367fbaf0c1ae6ec4ba3282db1b571624
  SwiftMessages: f0c7ef4705a570ad6c5e208b611f4333e660ed92
  Swinject: b4a11b31992e8668308dc594ba1cb9b3164a37ab

PODFILE CHECKSUM: 3c1e2ddc6cff1af3b4a7a8082b37f6cdc198a409

COCOAPODS: 1.11.3
