PODS:
  - Details (0.1.0):
    - Domain
    - Highway
    - Swinject
  - Difference (1.0.0)
  - Domain (0.1.0):
    - SwiftMessages
  - Highway (1.1.1)
  - KIF (3.8.7):
    - KIF/Core (= 3.8.7)
  - KIF/Core (3.8.7)
  - List (0.1.0):
    - Domain
    - Highway
    - Swinject
  - SnapshotTesting (1.9.0)
  - Sourcery/CLI-Only (1.8.2)
  - SwiftMessages (9.0.6):
    - SwiftMessages/App (= 9.0.6)
  - SwiftMessages/App (9.0.6)
  - Swinject (2.8.2)

DEPENDENCIES:
  - Details (from `LocalPods/Details`)
  - Difference
  - Domain (from `LocalPods/Domain`)
  - Highway (from `../../`)
  - KIF
  - List (from `LocalPods/List`)
  - SnapshotTesting
  - Sourcery/CLI-Only
  - SwiftMessages
  - Swinject

SPEC REPOS:
  trunk:
    - Difference
    - KIF
    - SnapshotTesting
    - Sourcery
    - SwiftMessages
    - Swinject

EXTERNAL SOURCES:
  Details:
    :path: LocalPods/Details
  Domain:
    :path: LocalPods/Domain
  Highway:
    :path: "../../"
  List:
    :path: LocalPods/List

SPEC CHECKSUMS:
  Details: 78fb5d40bf630695a85f4f83cec5b07c0a4471b0
  Difference: 2f1f5040078df5cd5077cff308834510261ad7ad
  Domain: 0e66ff44d51d9a06638cc4a7d174b0ed7c635cf8
  Highway: 5f43f1ce494171728c61970721e7e7dd2091bd96
  KIF: 779cdbca106633b94ecee7b036537490ebdbd9de
  List: 89837c93bab1c78f76438235d331f52a5ab99bc3
  SnapshotTesting: 6141c48b6aa76ead61431ca665c14ab9a066c53b
  Sourcery: ad4aba88367fbaf0c1ae6ec4ba3282db1b571624
  SwiftMessages: f0c7ef4705a570ad6c5e208b611f4333e660ed92
  Swinject: b4a11b31992e8668308dc594ba1cb9b3164a37ab

PODFILE CHECKSUM: b9218a06901c6ba496a2abeeae8831bafcd7b200

COCOAPODS: 1.14.2
